
Microsoft Visual Studio Solution File, Format Version 12.00
# Visual Studio 15
VisualStudioVersion = 15.0.28307.1705
MinimumVisualStudioVersion = 10.0.40219.1
Project("{FAE04EC0-301F-11D3-BF4B-00C04F79EFBC}") = "MarkettingAssistant", "MarkettingAssistant\MarkettingAssistant.csproj", "{1C9A2DC7-CC26-4E62-8233-223BE400EE82}"
EndProject
Global
	GlobalSection(SolutionConfigurationPlatforms) = preSolution
		Debug|Any CPU = Debug|Any CPU
		Release|Any CPU = Release|Any CPU
	EndGlobalSection
	GlobalSection(ProjectConfigurationPlatforms) = postSolution
		{1C9A2DC7-CC26-4E62-8233-223BE400EE82}.Debug|Any CPU.ActiveCfg = Debug|Any CPU
		{1C9A2DC7-CC26-4E62-8233-223BE400EE82}.Debug|Any CPU.Build.0 = Debug|Any CPU
		{1C9A2DC7-CC26-4E62-8233-223BE400EE82}.Release|Any CPU.ActiveCfg = Release|Any CPU
		{1C9A2DC7-CC26-4E62-8233-223BE400EE82}.Release|Any CPU.Build.0 = Release|Any CPU
	EndGlobalSection
	GlobalSection(SolutionProperties) = preSolution
		HideSolutionNode = FALSE
	EndGlobalSection
	GlobalSection(ExtensibilityGlobals) = postSolution
		SolutionGuid = {FF4F10B6-43D5-46B3-BFAE-5125088EE701}
	EndGlobalSection
	GlobalSection(ExtensibilityGlobals) = postSolution
		SolutionGuid = {FF4F10B6-43D5-46B3-BFAE-5125088EE701}
	EndGlobalSection
	GlobalSection(ExtensibilityGlobals) = postSolution
		SolutionGuid = {FF4F10B6-43D5-46B3-BFAE-5125088EE701}
	EndGlobalSection
	GlobalSection(ExtensibilityGlobals) = postSolution
		SolutionGuid = {FF4F10B6-43D5-46B3-BFAE-5125088EE701}
	EndGlobalSection
	GlobalSection(ExtensibilityGlobals) = postSolution
		SolutionGuid = {FF4F10B6-43D5-46B3-BFAE-5125088EE701}
	EndGlobalSection
	GlobalSection(ExtensibilityGlobals) = postSolution
		SolutionGuid = {FF4F10B6-43D5-46B3-BFAE-5125088EE701}
	EndGlobalSection
	GlobalSection(ExtensibilityGlobals) = postSolution
		SolutionGuid = {FF4F10B6-43D5-46B3-BFAE-5125088EE701}
	EndGlobalSection
	GlobalSection(ExtensibilityGlobals) = postSolution
		SolutionGuid = {FF4F10B6-43D5-46B3-BFAE-5125088EE701}
	EndGlobalSection
	GlobalSection(ExtensibilityGlobals) = postSolution
		SolutionGuid = {FF4F10B6-43D5-46B3-BFAE-5125088EE701}
	EndGlobalSection
	GlobalSection(ExtensibilityGlobals) = postSolution
		SolutionGuid = {FF4F10B6-43D5-46B3-BFAE-5125088EE701}
	EndGlobalSection
	GlobalSection(ExtensibilityGlobals) = postSolution
		SolutionGuid = {FF4F10B6-43D5-46B3-BFAE-5125088EE701}
	EndGlobalSection
	GlobalSection(ExtensibilityGlobals) = postSolution
		SolutionGuid = {FF4F10B6-43D5-46B3-BFAE-5125088EE701}
	EndGlobalSection
	GlobalSection(ExtensibilityGlobals) = postSolution
		SolutionGuid = {FF4F10B6-43D5-46B3-BFAE-5125088EE701}
	EndGlobalSection
	GlobalSection(ExtensibilityGlobals) = postSolution
		SolutionGuid = {FF4F10B6-43D5-46B3-BFAE-5125088EE701}
	EndGlobalSection
	GlobalSection(ExtensibilityGlobals) = postSolution
		SolutionGuid = {FF4F10B6-43D5-46B3-BFAE-5125088EE701}
	EndGlobalSection
	GlobalSection(ExtensibilityGlobals) = postSolution
		SolutionGuid = {FF4F10B6-43D5-46B3-BFAE-5125088EE701}
	EndGlobalSection
EndGlobal
